<?xml version="1.0" encoding="utf-8"?>
<Project ToolsVersion="4.0" xmlns="http://schemas.microsoft.com/developer/msbuild/2003">
  <ItemGroup>
    <Filter Include="소스 파일">
      <UniqueIdentifier>{4FC737F1-C7A5-4376-A066-2A32D752A2FF}</UniqueIdentifier>
      <Extensions>cpp;c;cc;cxx;c++;cppm;ixx;def;odl;idl;hpj;bat;asm;asmx</Extensions>
    </Filter>
    <Filter Include="헤더 파일">
      <UniqueIdentifier>{93995380-89BD-4b04-88EB-625FBE52EBFB}</UniqueIdentifier>
      <Extensions>h;hh;hpp;hxx;h++;hm;inl;inc;ipp;xsd</Extensions>
    </Filter>
    <Filter Include="리소스 파일">
      <UniqueIdentifier>{67DA6AB6-F800-4c08-8B7A-83BB121AAD01}</UniqueIdentifier>
      <Extensions>rc;ico;cur;bmp;dlg;rc2;rct;bin;rgs;gif;jpg;jpeg;jpe;resx;tiff;tif;png;wav;mfcribbon-ms</Extensions>
    </Filter>
    <Filter Include="Source">
      <UniqueIdentifier>{a4b3d7c2-bdd7-423f-9eaf-2425f6da5999}</UniqueIdentifier>
    </Filter>
    <Filter Include="Shaders">
      <UniqueIdentifier>{7c3b9890-5c85-4c23-9564-cfe5c88a35d0}</UniqueIdentifier>
    </Filter>
    <Filter Include="ThirdParty">
      <UniqueIdentifier>{2f8e41d6-9a17-4b0e-8c62-1d5a7e3b4c88}</UniqueIdentifier>
    </Filter>
    <Filter Include="Assets">
      <UniqueIdentifier>{6b1c9f34-72a8-4d55-9e10-c48f2a6d7b91}</UniqueIdentifier>
    </Filter>
    <Filter Include="Scenes">
      <UniqueIdentifier>{a7b78989-9ee7-420e-8b6c-d464aeeec14d}</UniqueIdentifier>
    </Filter>
  </ItemGroup>
  <ItemGroup>
    <ClCompile Include="MeshLoader.cpp">
      <Filter>Source</Filter>
    </ClCompile>
    <ClCompile Include="GpuStats.cpp">
      <Filter>Source</Filter>
    </ClCompile>
    <ClCompile Include="ThirdParty\tiny_obj_loader.cpp">
      <Filter>ThirdParty</Filter>
    </ClCompile>
    <ClInclude Include="MeshLoader.h">
      <Filter>Source</Filter>
    </ClInclude>
    <ClInclude Include="GpuStats.h">
      <Filter>Source</Filter>
    </ClInclude>
    <ClInclude Include="ThirdParty\tiny_obj_loader.h">
      <Filter>ThirdParty</Filter>
    </ClInclude>
    <None Include="Meshes\plane.obj">
      <Filter>Assets</Filter>
    </None>
    <None Include="Meshes\cube.obj">
      <Filter>Assets</Filter>
    </None>
    <ClCompile Include="MeshLibrary.cpp">
      <Filter>소스 파일</Filter>
    </ClCompile>
    <ClCompile Include="Scene.cpp">
      <Filter>소스 파일</Filter>
    </ClCompile>
    <ClCompile Include="LevelLoader.cpp">
      <Filter>소스 파일</Filter>
    </ClCompile>
    <ClCompile Include="SDFDebugRenderer.cpp">
      <Filter>Source</Filter>
    </ClCompile>
    <ClCompile Include="SceneFileDialog.cpp">
      <Filter>Source</Filter>
    </ClCompile>
    <ClCompile Include="MeshSurfaceSampler.cpp">
      <Filter>Source</Filter>
    </ClCompile>
    <ClCompile Include="MorphTargetLibrary.cpp">
      <Filter>Source</Filter>
    </ClCompile>
    <ClCompile Include="MorphTargetSet.cpp">
      <Filter>Source</Filter>
    </ClCompile>
    <ClCompile Include="SkyboxRenderer.cpp">
      <Filter>Source</Filter>
    </ClCompile>
    <ClCompile Include="TextureLibrary.cpp">
      <Filter>Source</Filter>
    </ClCompile>
  </ItemGroup>
  <ItemGroup>
    <ClCompile Include="Main.cpp">
      <Filter>Source</Filter>
    </ClCompile>
    <ClCompile Include="Camera.cpp">
      <Filter>Source</Filter>
    </ClCompile>
    <ClCompile Include="ShaderCompiler.cpp">
      <Filter>Source</Filter>
    </ClCompile>
    <ClCompile Include="ParticleEmitter.cpp">
      <Filter>Source</Filter>
    </ClCompile>
    <ClCompile Include="ParticleSystem.cpp">
      <Filter>Source</Filter>
    </ClCompile>
    <ClCompile Include="BitonicSort.cpp">
      <Filter>Source</Filter>
    </ClCompile>
    <ClCompile Include="Mesh.cpp">
      <Filter>Source</Filter>
    </ClCompile>
    <ClCompile Include="SceneObject.cpp">
      <Filter>Source</Filter>
    </ClCompile>
    <ClCompile Include="SDFBaker.cpp">
      <Filter>소스 파일</Filter>
    </ClCompile>
    <ClCompile Include="SDFGrid.cpp">
      <Filter>소스 파일</Filter>
    </ClCompile>
    <ClCompile Include="DebugLineRenderer.cpp">
      <Filter>소스 파일</Filter>
    </ClCompile>
  </ItemGroup>
  <ItemGroup>
    <ClInclude Include="RenderTypes.h">
      <Filter>Source</Filter>
    </ClInclude>
    <ClInclude Include="Camera.h">
      <Filter>Source</Filter>
    </ClInclude>
    <ClInclude Include="ParticleShared.h">
      <Filter>Source</Filter>
    </ClInclude>
    <ClInclude Include="ShaderCompiler.h">
      <Filter>Source</Filter>
    </ClInclude>
    <ClInclude Include="ParticleEmitter.h">
      <Filter>Source</Filter>
    </ClInclude>
    <ClInclude Include="ParticleSystem.h">
      <Filter>Source</Filter>
    </ClInclude>
    <ClInclude Include="ParticleSetting.h">
      <Filter>Source</Filter>
    </ClInclude>
    <ClInclude Include="ParticlePanel.h">
      <Filter>Source</Filter>
    </ClInclude>
    <ClInclude Include="BitonicSort.h">
      <Filter>Source</Filter>
    </ClInclude>
    <ClInclude Include="MathConvert.h">
      <Filter>Source</Filter>
    </ClInclude>
    <ClInclude Include="CubeMesh.h">
      <Filter>Source</Filter>
    </ClInclude>
    <ClInclude Include="SceneObject.h">
      <Filter>Source</Filter>
    </ClInclude>
    <ClInclude Include="Mesh.h">
      <Filter>Source</Filter>
    </ClInclude>
    <ClInclude Include="SDFBaker.h">
      <Filter>헤더 파일</Filter>
    </ClInclude>
    <ClInclude Include="SDFGrid.h">
      <Filter>헤더 파일</Filter>
    </ClInclude>
    <ClInclude Include="DebugLineRenderer.h">
      <Filter>헤더 파일</Filter>
    </ClInclude>
    <ClInclude Include="MeshLibrary.h">
      <Filter>헤더 파일</Filter>
    </ClInclude>
    <ClInclude Include="Scene.h">
      <Filter>헤더 파일</Filter>
    </ClInclude>
    <ClInclude Include="SceneObjectPanel.h">
      <Filter>헤더 파일</Filter>
    </ClInclude>
    <ClInclude Include="ThirdParty\json.hpp">
      <Filter>ThirdParty</Filter>
    </ClInclude>
    <ClInclude Include="LevelLoader.h">
      <Filter>헤더 파일</Filter>
    </ClInclude>
    <ClInclude Include="SDFDebugRenderer.h">
      <Filter>Source</Filter>
    </ClInclude>
    <ClInclude Include="SDFDebugSettings.h">
      <Filter>헤더 파일</Filter>
    </ClInclude>
    <ClInclude Include="SDFStatsPanel.h">
      <Filter>Source</Filter>
    </ClInclude>
    <ClInclude Include="SceneFileDialog.h">
      <Filter>Source</Filter>
    </ClInclude>
    <ClInclude Include="MeshSurfaceSampler.h">
      <Filter>Source</Filter>
    </ClInclude>
    <ClInclude Include="MorphTargetLibrary.h">
      <Filter>Source</Filter>
    </ClInclude>
    <ClInclude Include="MorphTargetSet.h">
      <Filter>Source</Filter>
    </ClInclude>
    <ClInclude Include="TextureLoader.h">
      <Filter>Source</Filter>
    </ClInclude>
    <ClInclude Include="TextureLibrary.h">
      <Filter>Source</Filter>
    </ClInclude>
    <ClInclude Include="SkyboxRenderer.h">
      <Filter>Source</Filter>
    </ClInclude>
    <ClInclude Include="ParticleSequence.h">
      <Filter>Source</Filter>
    </ClInclude>
  </ItemGroup>
  <ItemGroup>
    <None Include="ParticleVS.hlsl">
      <Filter>Shaders</Filter>
    </None>
    <None Include="ParticlePS.hlsl">
      <Filter>Shaders</Filter>
    </None>
    <None Include="ParticleSimulateCS.hlsl">
      <Filter>Shaders</Filter>
    </None>
    <None Include="Quaternion.hlsli">
      <Filter>Shaders</Filter>
    </None>
    <None Include="SDFCollision.hlsli">
      <Filter>Shaders</Filter>
    </None>
    <None Include="SceneLighting.hlsli">
      <Filter>Shaders</Filter>
    </None>
    <None Include="DebugLineVS.hlsl">
      <Filter>Shaders</Filter>
    </None>
    <None Include="DebugLinePS.hlsl">
      <Filter>Shaders</Filter>
    </None>
    <None Include="Scenes\defaultScene.json">
      <Filter>Scenes</Filter>
    </None>
    <None Include="ParticleRandom.hlsli">
      <Filter>Shaders</Filter>
    </None>
    <None Include="CurlNoise.hlsli">
      <Filter>Shaders</Filter>
    </None>
  </ItemGroup>
  <ItemGroup>
    <FxCompile Include="ParticleEmitCS.hlsl">
      <Filter>Shaders</Filter>
    </FxCompile>
    <FxCompile Include="ParticleKickoffCS.hlsl">
      <Filter>Shaders</Filter>
    </FxCompile>
    <FxCompile Include="BitonicSort.hlsl">
      <Filter>Shaders</Filter>
    </FxCompile>
    <FxCompile Include="MeshParticleVS.hlsl">
      <Filter>Shaders</Filter>
    </FxCompile>
    <FxCompile Include="MeshParticlePS.hlsl">
      <Filter>Shaders</Filter>
    </FxCompile>
    <FxCompile Include="RibbonParticleVS.hlsl">
      <Filter>Shaders</Filter>
    </FxCompile>
    <FxCompile Include="RibbonParticlePS.hlsl">
      <Filter>Shaders</Filter>
    </FxCompile>
    <FxCompile Include="ScreenQuadVS.hlsl">
      <Filter>Shaders</Filter>
    </FxCompile>
    <FxCompile Include="CompositePS.hlsl">
      <Filter>Shaders</Filter>
    </FxCompile>
    <FxCompile Include="DownSampleDepthPS.hlsl">
      <Filter>Shaders</Filter>
    </FxCompile>
    <FxCompile Include="MeshSDFBakeCS.hlsl">
      <Filter>Shaders</Filter>
    </FxCompile>
    <FxCompile Include="OpaqueVS.hlsl">
      <Filter>Shaders</Filter>
    </FxCompile>
    <FxCompile Include="OpaquePS.hlsl">
      <Filter>Shaders</Filter>
    </FxCompile>
    <FxCompile Include="SDFSliceDebugVS.hlsl">
      <Filter>Shaders</Filter>
    </FxCompile>
    <FxCompile Include="SDFSliceDebugPS.hlsl">
      <Filter>Shaders</Filter>
    </FxCompile>
    <FxCompile Include="SkyboxPS.hlsl">
      <Filter>Shaders</Filter>
    </FxCompile>
  </ItemGroup>
</Project>
